
Microsoft Visual Studio Solution File, Format Version 12.00
# Visual Studio Version 17
VisualStudioVersion = 17.7.34031.279
MinimumVisualStudioVersion = 10.0.40219.1
Project("{9A19103F-16F7-4668-BE54-9A1E7A4F7556}") = "NokiaIBConverter", "NokiaIBConverter\NokiaIBConverter.csproj", "{7D6797AA-89B7-4286-9E14-18771C4017DF}"
EndProject
Project("{FAE04EC0-301F-11D3-BF4B-00C04F79EFBC}") = "NokiaIBConverterApp", "NokiaIBConverterApp\NokiaIBConverterApp.csproj", "{205D60CE-5A60-4A2C-8C6A-A0C04FFAB382}"
EndProject
Global
	GlobalSection(SolutionConfigurationPlatforms) = preSolution
		Debug|Any CPU = Debug|Any CPU
		Release|Any CPU = Release|Any CPU
	EndGlobalSection
	GlobalSection(ProjectConfigurationPlatforms) = postSolution
		{7D6797AA-89B7-4286-9E14-18771C4017DF}.Debug|Any CPU.ActiveCfg = Debug|Any CPU
		{7D6797AA-89B7-4286-9E14-18771C4017DF}.Debug|Any CPU.Build.0 = Debug|Any CPU
		{7D6797AA-89B7-4286-9E14-18771C4017DF}.Release|Any CPU.ActiveCfg = Release|Any CPU
		{7D6797AA-89B7-4286-9E14-18771C4017DF}.Release|Any CPU.Build.0 = Release|Any CPU
		{205D60CE-5A60-4A2C-8C6A-A0C04FFAB382}.Debug|Any CPU.ActiveCfg = Debug|Any CPU
		{205D60CE-5A60-4A2C-8C6A-A0C04FFAB382}.Debug|Any CPU.Build.0 = Debug|Any CPU
		{205D60CE-5A60-4A2C-8C6A-A0C04FFAB382}.Release|Any CPU.ActiveCfg = Release|Any CPU
		{205D60CE-5A60-4A2C-8C6A-A0C04FFAB382}.Release|Any CPU.Build.0 = Release|Any CPU
	EndGlobalSection
	GlobalSection(SolutionProperties) = preSolution
		HideSolutionNode = FALSE
	EndGlobalSection
	GlobalSection(ExtensibilityGlobals) = postSolution
		SolutionGuid = {6143D2A5-C011-4F0F-8B3B-D080EA54D6E5}
	EndGlobalSection
EndGlobal
